# Prisma Migrate lockfile v1

20201001101647-add-feature
20201002122125-change-price-features
20201002135328-add-description-in-price
20201005075307-add-devices
20201005093153-add-compare
20201005133305-add-last-update
20201008084356-add-section
20201008084611-add-list-to-section
20201008085649-change-button
20201008091529-improve-bg
20201008100642-t-misstip
20201008133432-add-page-param
20201008140012-correct-misstype
20201008142634-add-direction-param
20201008142725
20201008145619-change-images
20201008151702
20201009071819-change-img-size
20201009081145-add-alignement-prop
20201009093331-change-button
20201009151540-change-type-to-str
20201009152416-add-argument-param
20201012132304
20201021135333-add-suggestions
20201023074123-change-header-schema
20201023094745-add-label
20201023103004
20201023125404-change-icon_lib-to-bool
20201026135950-change-header